<?xml version="1.0" encoding="UTF-8" standalone="yes" ?>
<CodeBlocks_project_file>
	<FileVersion major="1" minor="6" />
	<Project>
		<Option title="Labo3" />
		<Option pch_mode="2" />
		<Option compiler="gcc" />
		<Build>
			<Target title="Debug">
				<Option output="bin/Debug/Labo3" prefix_auto="1" extension_auto="1" />
				<Option object_output="obj/Debug/" />
				<Option type="1" />
				<Option compiler="gcc" />
				<Compiler>
					<Add option="-g" />
				</Compiler>
			</Target>
			<Target title="Release">
				<Option output="bin/Release/Labo3" prefix_auto="1" extension_auto="1" />
				<Option object_output="obj/Release/" />
				<Option type="1" />
				<Option compiler="gcc" />
				<Compiler>
					<Add option="-O2" />
				</Compiler>
				<Linker>
					<Add option="-s" />
				</Linker>
			</Target>
		</Build>
		<Compiler>
			<Add option="-Wall" />
			<Add option="-fexceptions" />
		</Compiler>
		<Unit filename="Apple.cpp" />
		<Unit filename="Apple.h" />
		<Unit filename="Banana.cpp" />
		<Unit filename="Banana.h" />
		<Unit filename="Basket.cpp" />
		<Unit filename="Basket.h" />
		<Unit filename="Decorator.cpp" />
		<Unit filename="Decorator.h" />
		<Unit filename="Equal.cpp" />
		<Unit filename="Equal.h" />
		<Unit filename="Fruit.cpp" />
		<Unit filename="Fruit.h" />
		<Unit filename="Orange.cpp" />
		<Unit filename="Orange.h" />
		<Unit filename="Order.cpp" />
		<Unit filename="Order.h" />
		<Unit filename="OrderState.cpp" />
		<Unit filename="OrderState.h" />
		<Unit filename="Paid.cpp" />
		<Unit filename="Paid.h" />
		<Unit filename="Peach.cpp" />
		<Unit filename="Peach.h" />
		<Unit filename="Sent.cpp" />
		<Unit filename="Sent.h" />
		<Unit filename="Sharp.cpp" />
		<Unit filename="Sharp.h" />
		<Unit filename="Star.cpp" />
		<Unit filename="Star.h" />
		<Unit filename="Strawberry.cpp" />
		<Unit filename="Strawberry.h" />
		<Unit filename="Waiting.cpp" />
		<Unit filename="Waiting.h" />
		<Unit filename="main.cpp" />
		<Extensions>
			<code_completion />
			<envvars />
			<debugger />
			<lib_finder disable_auto="1" />
		</Extensions>
	</Project>
</CodeBlocks_project_file>
