<?xml version="1.0" encoding="UTF-8" standalone="yes" ?>
<CodeBlocks_project_file>
	<FileVersion major="1" minor="6" />
	<Project>
		<Option title="Bridge" />
		<Option pch_mode="2" />
		<Option compiler="gcc" />
		<Build>
			<Target title="Debug">
				<Option output="bin/Debug/Bridge" prefix_auto="1" extension_auto="1" />
				<Option object_output="obj/Debug/" />
				<Option type="1" />
				<Option compiler="gcc" />
				<Compiler>
					<Add directory="include" />
				</Compiler>
			</Target>
			<Target title="Release">
				<Option output="bin/Release/Bridge" prefix_auto="1" extension_auto="1" />
				<Option object_output="obj/Release/" />
				<Option type="1" />
				<Option compiler="gcc" />
				<Compiler>
					<Add option="-O2" />
					<Add directory="include" />
				</Compiler>
				<Linker>
					<Add option="-s" />
				</Linker>
			</Target>
		</Build>
		<Compiler>
			<Add option="-Wall" />
			<Add option="-fexceptions" />
		</Compiler>
		<Unit filename="include/Circle.h" />
		<Unit filename="include/Drawing.h" />
		<Unit filename="include/Hexagon.h" />
		<Unit filename="include/Rectangle.h" />
		<Unit filename="include/Shape.h" />
		<Unit filename="include/V1Drawing.h" />
		<Unit filename="include/V2Drawing.h" />
		<Unit filename="main.cpp" />
		<Unit filename="src/Circle.cpp" />
		<Unit filename="src/Drawing.cpp" />
		<Unit filename="src/Hexagon.cpp" />
		<Unit filename="src/Rectangle.cpp" />
		<Unit filename="src/Shape.cpp" />
		<Unit filename="src/V1Drawing.cpp" />
		<Unit filename="src/V2Drawing.cpp" />
		<Extensions>
			<code_completion />
			<envvars />
			<debugger />
			<lib_finder disable_auto="1" />
		</Extensions>
	</Project>
</CodeBlocks_project_file>
